// !$*UTF8*$!
{
	archiveVersion = 1;
	classes = {
	};
	objectVersion = 46;
	objects = {

/* Begin PBXBuildFile section */
		0EFF64291E0525CF00BF4746 /* main.cpp in Sources */ = {isa = PBXBuildFile; fileRef = 0EFF64281E0525CF00BF4746 /* main.cpp */; };
		0EFF64331E05266A00BF4746 /* libGLEW.2.0.0.dylib in Frameworks */ = {isa = PBXBuildFile; fileRef = 0EFF64321E05266A00BF4746 /* libGLEW.2.0.0.dylib */; };
		0EFF645B1E052F6100BF4746 /* text2D.cpp in Sources */ = {isa = PBXBuildFile; fileRef = 0EFF644F1E052F6100BF4746 /* text2D.cpp */; };
		0EFF645C1E052F6100BF4746 /* texture.cpp in Sources */ = {isa = PBXBuildFile; fileRef = 0EFF64501E052F6100BF4746 /* texture.cpp */; };
		0EFF645F1E052F6100BF4746 /* shader.cpp in Sources */ = {isa = PBXBuildFile; fileRef = 0EFF64551E052F6100BF4746 /* shader.cpp */; };
		0EFF64631E0531DB00BF4746 /* libglfw.3.2.dylib in Frameworks */ = {isa = PBXBuildFile; fileRef = 0EFF64301E05264300BF4746 /* libglfw.3.2.dylib */; };
		0EFF64651E05333700BF4746 /* OpenGL.framework in Frameworks */ = {isa = PBXBuildFile; fileRef = 0EFF64641E05333700BF4746 /* OpenGL.framework */; };
		0EFF64671E05334100BF4746 /* IOKit.framework in Frameworks */ = {isa = PBXBuildFile; fileRef = 0EFF64661E05334100BF4746 /* IOKit.framework */; };
		0EFF64691E05334C00BF4746 /* CoreVideo.framework in Frameworks */ = {isa = PBXBuildFile; fileRef = 0EFF64681E05334C00BF4746 /* CoreVideo.framework */; };
		0EFF646B1E05335100BF4746 /* Cocoa.framework in Frameworks */ = {isa = PBXBuildFile; fileRef = 0EFF646A1E05335100BF4746 /* Cocoa.framework */; };
/* End PBXBuildFile section */

/* Begin PBXCopyFilesBuildPhase section */
		0EFF64231E0525CF00BF4746 /* CopyFiles */ = {
			isa = PBXCopyFilesBuildPhase;
			buildActionMask = 2147483647;
			dstPath = /usr/share/man/man1/;
			dstSubfolderSpec = 0;
			files = (
			);
			runOnlyForDeploymentPostprocessing = 1;
		};
/* End PBXCopyFilesBuildPhase section */

/* Begin PBXFileReference section */
		0EA482FD1E08115000573090 /* matrix.bmp */ = {isa = PBXFileReference; lastKnownFileType = image.bmp; path = matrix.bmp; sourceTree = "<group>"; };
		0EFF64251E0525CF00BF4746 /* Matrix Depth Rain */ = {isa = PBXFileReference; explicitFileType = "compiled.mach-o.executable"; includeInIndex = 0; path = "Matrix Depth Rain"; sourceTree = BUILT_PRODUCTS_DIR; };
		0EFF64281E0525CF00BF4746 /* main.cpp */ = {isa = PBXFileReference; lastKnownFileType = sourcecode.cpp.cpp; path = main.cpp; sourceTree = "<group>"; };
		0EFF64301E05264300BF4746 /* libglfw.3.2.dylib */ = {isa = PBXFileReference; lastKnownFileType = "compiled.mach-o.dylib"; name = libglfw.3.2.dylib; path = ../../../../../../usr/local/Cellar/glfw/3.2.1/lib/libglfw.3.2.dylib; sourceTree = "<group>"; };
		0EFF64321E05266A00BF4746 /* libGLEW.2.0.0.dylib */ = {isa = PBXFileReference; lastKnownFileType = "compiled.mach-o.dylib"; name = libGLEW.2.0.0.dylib; path = ../../../../../../usr/local/Cellar/glew/2.0.0/lib/libGLEW.2.0.0.dylib; sourceTree = "<group>"; };
		0EFF644F1E052F6100BF4746 /* text2D.cpp */ = {isa = PBXFileReference; fileEncoding = 4; lastKnownFileType = sourcecode.cpp.cpp; path = text2D.cpp; sourceTree = "<group>"; };
		0EFF64501E052F6100BF4746 /* texture.cpp */ = {isa = PBXFileReference; fileEncoding = 4; lastKnownFileType = sourcecode.cpp.cpp; path = texture.cpp; sourceTree = "<group>"; };
		0EFF64551E052F6100BF4746 /* shader.cpp */ = {isa = PBXFileReference; fileEncoding = 4; lastKnownFileType = sourcecode.cpp.cpp; path = shader.cpp; sourceTree = "<group>"; };
		0EFF64561E052F6100BF4746 /* shader.hpp */ = {isa = PBXFileReference; fileEncoding = 4; lastKnownFileType = sourcecode.cpp.h; path = shader.hpp; sourceTree = "<group>"; };
		0EFF64571E052F6100BF4746 /* text2D.hpp */ = {isa = PBXFileReference; fileEncoding = 4; lastKnownFileType = sourcecode.cpp.h; path = text2D.hpp; sourceTree = "<group>"; };
		0EFF64581E052F6100BF4746 /* texture.hpp */ = {isa = PBXFileReference; fileEncoding = 4; lastKnownFileType = sourcecode.cpp.h; path = texture.hpp; sourceTree = "<group>"; };
		0EFF64641E05333700BF4746 /* OpenGL.framework */ = {isa = PBXFileReference; lastKnownFileType = wrapper.framework; name = OpenGL.framework; path = System/Library/Frameworks/OpenGL.framework; sourceTree = SDKROOT; };
		0EFF64661E05334100BF4746 /* IOKit.framework */ = {isa = PBXFileReference; lastKnownFileType = wrapper.framework; name = IOKit.framework; path = System/Library/Frameworks/IOKit.framework; sourceTree = SDKROOT; };
		0EFF64681E05334C00BF4746 /* CoreVideo.framework */ = {isa = PBXFileReference; lastKnownFileType = wrapper.framework; name = CoreVideo.framework; path = System/Library/Frameworks/CoreVideo.framework; sourceTree = SDKROOT; };
		0EFF646A1E05335100BF4746 /* Cocoa.framework */ = {isa = PBXFileReference; lastKnownFileType = wrapper.framework; name = Cocoa.framework; path = System/Library/Frameworks/Cocoa.framework; sourceTree = SDKROOT; };
		0EFF64711E05346100BF4746 /* TextVertexShader.fragmentshader */ = {isa = PBXFileReference; fileEncoding = 4; lastKnownFileType = text; path = TextVertexShader.fragmentshader; sourceTree = "<group>"; };
		0EFF64721E05346100BF4746 /* TextVertexShader.vertexshader */ = {isa = PBXFileReference; fileEncoding = 4; lastKnownFileType = text; path = TextVertexShader.vertexshader; sourceTree = "<group>"; };
		0EFF64761E05402500BF4746 /* Holstein.DDS */ = {isa = PBXFileReference; lastKnownFileType = file; path = Holstein.DDS; sourceTree = "<group>"; };
/* End PBXFileReference section */

/* Begin PBXFrameworksBuildPhase section */
		0EFF64221E0525CF00BF4746 /* Frameworks */ = {
			isa = PBXFrameworksBuildPhase;
			buildActionMask = 2147483647;
			files = (
				0EFF646B1E05335100BF4746 /* Cocoa.framework in Frameworks */,
				0EFF64691E05334C00BF4746 /* CoreVideo.framework in Frameworks */,
				0EFF64671E05334100BF4746 /* IOKit.framework in Frameworks */,
				0EFF64651E05333700BF4746 /* OpenGL.framework in Frameworks */,
				0EFF64631E0531DB00BF4746 /* libglfw.3.2.dylib in Frameworks */,
				0EFF64331E05266A00BF4746 /* libGLEW.2.0.0.dylib in Frameworks */,
			);
			runOnlyForDeploymentPostprocessing = 0;
		};
/* End PBXFrameworksBuildPhase section */

/* Begin PBXGroup section */
		0EFF641C1E0525CF00BF4746 = {
			isa = PBXGroup;
			children = (
				0EFF64271E0525CF00BF4746 /* Matrix Depth Rain */,
				0EFF64261E0525CF00BF4746 /* Products */,
				0EFF642F1E05264300BF4746 /* Frameworks */,
			);
			sourceTree = "<group>";
		};
		0EFF64261E0525CF00BF4746 /* Products */ = {
			isa = PBXGroup;
			children = (
				0EFF64251E0525CF00BF4746 /* Matrix Depth Rain */,
			);
			name = Products;
			sourceTree = "<group>";
		};
		0EFF64271E0525CF00BF4746 /* Matrix Depth Rain */ = {
			isa = PBXGroup;
			children = (
				0EFF646E1E05345900BF4746 /* shaders */,
				0EFF646D1E05345500BF4746 /* resources */,
				0EFF644E1E052F4800BF4746 /* common */,
				0EFF64281E0525CF00BF4746 /* main.cpp */,
			);
			path = "Matrix Depth Rain";
			sourceTree = "<group>";
		};
		0EFF642F1E05264300BF4746 /* Frameworks */ = {
			isa = PBXGroup;
			children = (
				0EFF646A1E05335100BF4746 /* Cocoa.framework */,
				0EFF64681E05334C00BF4746 /* CoreVideo.framework */,
				0EFF64661E05334100BF4746 /* IOKit.framework */,
				0EFF64641E05333700BF4746 /* OpenGL.framework */,
				0EFF64321E05266A00BF4746 /* libGLEW.2.0.0.dylib */,
				0EFF64301E05264300BF4746 /* libglfw.3.2.dylib */,
			);
			name = Frameworks;
			sourceTree = "<group>";
		};
		0EFF644E1E052F4800BF4746 /* common */ = {
			isa = PBXGroup;
			children = (
				0EFF64571E052F6100BF4746 /* text2D.hpp */,
				0EFF644F1E052F6100BF4746 /* text2D.cpp */,
				0EFF64581E052F6100BF4746 /* texture.hpp */,
				0EFF64501E052F6100BF4746 /* texture.cpp */,
				0EFF64561E052F6100BF4746 /* shader.hpp */,
				0EFF64551E052F6100BF4746 /* shader.cpp */,
			);
			name = common;
			sourceTree = "<group>";
		};
		0EFF646D1E05345500BF4746 /* resources */ = {
			isa = PBXGroup;
			children = (
				0EA482FD1E08115000573090 /* matrix.bmp */,
				0EFF64761E05402500BF4746 /* Holstein.DDS */,
			);
			name = resources;
			sourceTree = "<group>";
		};
		0EFF646E1E05345900BF4746 /* shaders */ = {
			isa = PBXGroup;
			children = (
				0EFF64711E05346100BF4746 /* TextVertexShader.fragmentshader */,
				0EFF64721E05346100BF4746 /* TextVertexShader.vertexshader */,
			);
			name = shaders;
			sourceTree = "<group>";
		};
/* End PBXGroup section */

/* Begin PBXNativeTarget section */
		0EFF64241E0525CF00BF4746 /* Matrix Depth Rain */ = {
			isa = PBXNativeTarget;
			buildConfigurationList = 0EFF642C1E0525CF00BF4746 /* Build configuration list for PBXNativeTarget "Matrix Depth Rain" */;
			buildPhases = (
				0EFF64211E0525CF00BF4746 /* Sources */,
				0EFF64221E0525CF00BF4746 /* Frameworks */,
				0EFF64231E0525CF00BF4746 /* CopyFiles */,
			);
			buildRules = (
			);
			dependencies = (
			);
			name = "Matrix Depth Rain";
			productName = "Matrix Depth Rain";
			productReference = 0EFF64251E0525CF00BF4746 /* Matrix Depth Rain */;
			productType = "com.apple.product-type.tool";
		};
/* End PBXNativeTarget section */

/* Begin PBXProject section */
		0EFF641D1E0525CF00BF4746 /* Project object */ = {
			isa = PBXProject;
			attributes = {
				LastUpgradeCheck = 0820;
				ORGANIZATIONNAME = "Rinat Enikeev";
				TargetAttributes = {
					0EFF64241E0525CF00BF4746 = {
						CreatedOnToolsVersion = 8.2;
						ProvisioningStyle = Automatic;
					};
				};
			};
			buildConfigurationList = 0EFF64201E0525CF00BF4746 /* Build configuration list for PBXProject "Matrix Depth Rain" */;
			compatibilityVersion = "Xcode 3.2";
			developmentRegion = English;
			hasScannedForEncodings = 0;
			knownRegions = (
				en,
			);
			mainGroup = 0EFF641C1E0525CF00BF4746;
			productRefGroup = 0EFF64261E0525CF00BF4746 /* Products */;
			projectDirPath = "";
			projectRoot = "";
			targets = (
				0EFF64241E0525CF00BF4746 /* Matrix Depth Rain */,
			);
		};
/* End PBXProject section */

/* Begin PBXSourcesBuildPhase section */
		0EFF64211E0525CF00BF4746 /* Sources */ = {
			isa = PBXSourcesBuildPhase;
			buildActionMask = 2147483647;
			files = (
				0EFF645F1E052F6100BF4746 /* shader.cpp in Sources */,
				0EFF64291E0525CF00BF4746 /* main.cpp in Sources */,
				0EFF645C1E052F6100BF4746 /* texture.cpp in Sources */,
				0EFF645B1E052F6100BF4746 /* text2D.cpp in Sources */,
			);
			runOnlyForDeploymentPostprocessing = 0;
		};
/* End PBXSourcesBuildPhase section */

/* Begin XCBuildConfiguration section */
		0EFF642A1E0525CF00BF4746 /* Debug */ = {
			isa = XCBuildConfiguration;
			buildSettings = {
				ALWAYS_SEARCH_USER_PATHS = NO;
				CLANG_ANALYZER_NONNULL = YES;
				CLANG_CXX_LANGUAGE_STANDARD = "gnu++0x";
				CLANG_CXX_LIBRARY = "libc++";
				CLANG_ENABLE_MODULES = YES;
				CLANG_ENABLE_OBJC_ARC = YES;
				CLANG_WARN_BOOL_CONVERSION = YES;
				CLANG_WARN_CONSTANT_CONVERSION = YES;
				CLANG_WARN_DIRECT_OBJC_ISA_USAGE = YES_ERROR;
				CLANG_WARN_DOCUMENTATION_COMMENTS = YES;
				CLANG_WARN_EMPTY_BODY = YES;
				CLANG_WARN_ENUM_CONVERSION = YES;
				CLANG_WARN_INFINITE_RECURSION = YES;
				CLANG_WARN_INT_CONVERSION = YES;
				CLANG_WARN_OBJC_ROOT_CLASS = YES_ERROR;
				CLANG_WARN_SUSPICIOUS_MOVE = YES;
				CLANG_WARN_UNREACHABLE_CODE = YES;
				CLANG_WARN__DUPLICATE_METHOD_MATCH = YES;
				CODE_SIGN_IDENTITY = "-";
				COPY_PHASE_STRIP = NO;
				DEBUG_INFORMATION_FORMAT = dwarf;
				ENABLE_STRICT_OBJC_MSGSEND = YES;
				ENABLE_TESTABILITY = YES;
				GCC_C_LANGUAGE_STANDARD = gnu99;
				GCC_DYNAMIC_NO_PIC = NO;
				GCC_NO_COMMON_BLOCKS = YES;
				GCC_OPTIMIZATION_LEVEL = 0;
				GCC_PREPROCESSOR_DEFINITIONS = (
					"DEBUG=1",
					"$(inherited)",
				);
				GCC_WARN_64_TO_32_BIT_CONVERSION = YES;
				GCC_WARN_ABOUT_RETURN_TYPE = YES_ERROR;
				GCC_WARN_UNDECLARED_SELECTOR = YES;
				GCC_WARN_UNINITIALIZED_AUTOS = YES_AGGRESSIVE;
				GCC_WARN_UNUSED_FUNCTION = YES;
				GCC_WARN_UNUSED_VARIABLE = YES;
				MACOSX_DEPLOYMENT_TARGET = 10.12;
				MTL_ENABLE_DEBUG_INFO = YES;
				ONLY_ACTIVE_ARCH = YES;
				SDKROOT = macosx;
			};
			name = Debug;
		};
		0EFF642B1E0525CF00BF4746 /* Release */ = {
			isa = XCBuildConfiguration;
			buildSettings = {
				ALWAYS_SEARCH_USER_PATHS = NO;
				CLANG_ANALYZER_NONNULL = YES;
				CLANG_CXX_LANGUAGE_STANDARD = "gnu++0x";
				CLANG_CXX_LIBRARY = "libc++";
				CLANG_ENABLE_MODULES = YES;
				CLANG_ENABLE_OBJC_ARC = YES;
				CLANG_WARN_BOOL_CONVERSION = YES;
				CLANG_WARN_CONSTANT_CONVERSION = YES;
				CLANG_WARN_DIRECT_OBJC_ISA_USAGE = YES_ERROR;
				CLANG_WARN_DOCUMENTATION_COMMENTS = YES;
				CLANG_WARN_EMPTY_BODY = YES;
				CLANG_WARN_ENUM_CONVERSION = YES;
				CLANG_WARN_INFINITE_RECURSION = YES;
				CLANG_WARN_INT_CONVERSION = YES;
				CLANG_WARN_OBJC_ROOT_CLASS = YES_ERROR;
				CLANG_WARN_SUSPICIOUS_MOVE = YES;
				CLANG_WARN_UNREACHABLE_CODE = YES;
				CLANG_WARN__DUPLICATE_METHOD_MATCH = YES;
				CODE_SIGN_IDENTITY = "-";
				COPY_PHASE_STRIP = NO;
				DEBUG_INFORMATION_FORMAT = "dwarf-with-dsym";
				ENABLE_NS_ASSERTIONS = NO;
				ENABLE_STRICT_OBJC_MSGSEND = YES;
				GCC_C_LANGUAGE_STANDARD = gnu99;
				GCC_NO_COMMON_BLOCKS = YES;
				GCC_WARN_64_TO_32_BIT_CONVERSION = YES;
				GCC_WARN_ABOUT_RETURN_TYPE = YES_ERROR;
				GCC_WARN_UNDECLARED_SELECTOR = YES;
				GCC_WARN_UNINITIALIZED_AUTOS = YES_AGGRESSIVE;
				GCC_WARN_UNUSED_FUNCTION = YES;
				GCC_WARN_UNUSED_VARIABLE = YES;
				MACOSX_DEPLOYMENT_TARGET = 10.12;
				MTL_ENABLE_DEBUG_INFO = NO;
				SDKROOT = macosx;
			};
			name = Release;
		};
		0EFF642D1E0525CF00BF4746 /* Debug */ = {
			isa = XCBuildConfiguration;
			buildSettings = {
				ARCHS = "$(ARCHS_STANDARD)";
				GCC_WARN_INHIBIT_ALL_WARNINGS = YES;
				HEADER_SEARCH_PATHS = (
					"$(inherited)",
					/usr/local/include,
					/Applications/Xcode.app/Contents/Developer/Toolchains/XcodeDefault.xctoolchain/usr/include,
				);
				LIBRARY_SEARCH_PATHS = (
					"$(inherited)",
					/usr/local/Cellar/glfw/3.2.1/lib,
					/usr/local/Cellar/glew/2.0.0/lib,
					/usr/local/lib,
				);
				PRODUCT_NAME = "$(TARGET_NAME)";
			};
			name = Debug;
		};
		0EFF642E1E0525CF00BF4746 /* Release */ = {
			isa = XCBuildConfiguration;
			buildSettings = {
				GCC_WARN_INHIBIT_ALL_WARNINGS = YES;
				HEADER_SEARCH_PATHS = (
					"$(inherited)",
					/usr/local/include,
					/Applications/Xcode.app/Contents/Developer/Toolchains/XcodeDefault.xctoolchain/usr/include,
				);
				LIBRARY_SEARCH_PATHS = (
					"$(inherited)",
					/usr/local/Cellar/glfw/3.2.1/lib,
					/usr/local/Cellar/glew/2.0.0/lib,
					/usr/local/lib,
				);
				PRODUCT_NAME = "$(TARGET_NAME)";
			};
			name = Release;
		};
/* End XCBuildConfiguration section */

/* Begin XCConfigurationList section */
		0EFF64201E0525CF00BF4746 /* Build configuration list for PBXProject "Matrix Depth Rain" */ = {
			isa = XCConfigurationList;
			buildConfigurations = (
				0EFF642A1E0525CF00BF4746 /* Debug */,
				0EFF642B1E0525CF00BF4746 /* Release */,
			);
			defaultConfigurationIsVisible = 0;
			defaultConfigurationName = Release;
		};
		0EFF642C1E0525CF00BF4746 /* Build configuration list for PBXNativeTarget "Matrix Depth Rain" */ = {
			isa = XCConfigurationList;
			buildConfigurations = (
				0EFF642D1E0525CF00BF4746 /* Debug */,
				0EFF642E1E0525CF00BF4746 /* Release */,
			);
			defaultConfigurationIsVisible = 0;
			defaultConfigurationName = Release;
		};
/* End XCConfigurationList section */
	};
	rootObject = 0EFF641D1E0525CF00BF4746 /* Project object */;
}
